
Microsoft Visual Studio Solution File, Format Version 12.00
# Visual Studio Version 17
VisualStudioVersion = 17.0.32112.339
MinimumVisualStudioVersion = 10.0.40219.1
Project("{9A19103F-16F7-4668-BE54-9A1E7A4F7556}") = "InfraccionesPedagogicas.API", "InfraccionesPedagogicas.API\InfraccionesPedagogicas.API.csproj", "{FD8DA95D-0325-4F3E-85CD-71EA968E4736}"
EndProject
Project("{9A19103F-16F7-4668-BE54-9A1E7A4F7556}") = "InfraccionesPedagogicas.Infrastructure", "InfraccionesPedagogicas.DAL\InfraccionesPedagogicas.Infrastructure.csproj", "{7CB0F928-1983-451A-B03F-32B45EB4DAA5}"
EndProject
Project("{9A19103F-16F7-4668-BE54-9A1E7A4F7556}") = "InfraccionesPedagogicas.Core", "InfraccionesPedagogicas.Business\InfraccionesPedagogicas.Core.csproj", "{E73AF609-2718-4A80-88B1-BEAAD1754C0C}"
EndProject
Project("{9A19103F-16F7-4668-BE54-9A1E7A4F7556}") = "InfraccionesPedagogicas.Application", "InfraccionesPedagogicas.Application\InfraccionesPedagogicas.Application.csproj", "{543CF9BC-E4AE-4E9E-B9A7-15FAFB07C27B}"
EndProject
Project("{9A19103F-16F7-4668-BE54-9A1E7A4F7556}") = "InfraccionesPedagogicas.BackgroundLoader", "InfraccionesPedagogicas.BackgroundLoader\InfraccionesPedagogicas.BackgroundLoader.csproj", "{2B7CC5FE-B25D-4357-9DC2-36F5A605AF84}"
EndProject
Project("{E24C65DC-7377-472B-9ABA-BC803B73C61A}") = "InfraccionesPedagogicas.UI", "InfraccionesPedagogicas.UI\", "{81B6815C-845A-46AE-BE2B-8ED41B3E5633}"
	ProjectSection(WebsiteProperties) = preProject
		TargetFrameworkMoniker = ".NETFramework,Version%3Dv4.0"
		Debug.AspNetCompiler.VirtualPath = "/localhost_51768"
		Debug.AspNetCompiler.PhysicalPath = "InfraccionesPedagogicas.UI\"
		Debug.AspNetCompiler.TargetPath = "PrecompiledWeb\localhost_51768\"
		Debug.AspNetCompiler.Updateable = "true"
		Debug.AspNetCompiler.ForceOverwrite = "true"
		Debug.AspNetCompiler.FixedNames = "false"
		Debug.AspNetCompiler.Debug = "True"
		Release.AspNetCompiler.VirtualPath = "/localhost_51768"
		Release.AspNetCompiler.PhysicalPath = "InfraccionesPedagogicas.UI\"
		Release.AspNetCompiler.TargetPath = "PrecompiledWeb\localhost_51768\"
		Release.AspNetCompiler.Updateable = "true"
		Release.AspNetCompiler.ForceOverwrite = "true"
		Release.AspNetCompiler.FixedNames = "false"
		Release.AspNetCompiler.Debug = "False"
		VWDPort = "51768"
		SlnRelativePath = "InfraccionesPedagogicas.UI\"
	EndProjectSection
EndProject
Global
	GlobalSection(SolutionConfigurationPlatforms) = preSolution
		Debug|Any CPU = Debug|Any CPU
		Release|Any CPU = Release|Any CPU
	EndGlobalSection
	GlobalSection(ProjectConfigurationPlatforms) = postSolution
		{FD8DA95D-0325-4F3E-85CD-71EA968E4736}.Debug|Any CPU.ActiveCfg = Debug|Any CPU
		{FD8DA95D-0325-4F3E-85CD-71EA968E4736}.Debug|Any CPU.Build.0 = Debug|Any CPU
		{FD8DA95D-0325-4F3E-85CD-71EA968E4736}.Release|Any CPU.ActiveCfg = Release|Any CPU
		{FD8DA95D-0325-4F3E-85CD-71EA968E4736}.Release|Any CPU.Build.0 = Release|Any CPU
		{7CB0F928-1983-451A-B03F-32B45EB4DAA5}.Debug|Any CPU.ActiveCfg = Debug|Any CPU
		{7CB0F928-1983-451A-B03F-32B45EB4DAA5}.Debug|Any CPU.Build.0 = Debug|Any CPU
		{7CB0F928-1983-451A-B03F-32B45EB4DAA5}.Release|Any CPU.ActiveCfg = Release|Any CPU
		{7CB0F928-1983-451A-B03F-32B45EB4DAA5}.Release|Any CPU.Build.0 = Release|Any CPU
		{E73AF609-2718-4A80-88B1-BEAAD1754C0C}.Debug|Any CPU.ActiveCfg = Debug|Any CPU
		{E73AF609-2718-4A80-88B1-BEAAD1754C0C}.Debug|Any CPU.Build.0 = Debug|Any CPU
		{E73AF609-2718-4A80-88B1-BEAAD1754C0C}.Release|Any CPU.ActiveCfg = Release|Any CPU
		{E73AF609-2718-4A80-88B1-BEAAD1754C0C}.Release|Any CPU.Build.0 = Release|Any CPU
		{543CF9BC-E4AE-4E9E-B9A7-15FAFB07C27B}.Debug|Any CPU.ActiveCfg = Debug|Any CPU
		{543CF9BC-E4AE-4E9E-B9A7-15FAFB07C27B}.Debug|Any CPU.Build.0 = Debug|Any CPU
		{543CF9BC-E4AE-4E9E-B9A7-15FAFB07C27B}.Release|Any CPU.ActiveCfg = Release|Any CPU
		{543CF9BC-E4AE-4E9E-B9A7-15FAFB07C27B}.Release|Any CPU.Build.0 = Release|Any CPU
		{2B7CC5FE-B25D-4357-9DC2-36F5A605AF84}.Debug|Any CPU.ActiveCfg = Debug|Any CPU
		{2B7CC5FE-B25D-4357-9DC2-36F5A605AF84}.Debug|Any CPU.Build.0 = Debug|Any CPU
		{2B7CC5FE-B25D-4357-9DC2-36F5A605AF84}.Release|Any CPU.ActiveCfg = Release|Any CPU
		{2B7CC5FE-B25D-4357-9DC2-36F5A605AF84}.Release|Any CPU.Build.0 = Release|Any CPU
		{81B6815C-845A-46AE-BE2B-8ED41B3E5633}.Debug|Any CPU.ActiveCfg = Debug|Any CPU
		{81B6815C-845A-46AE-BE2B-8ED41B3E5633}.Debug|Any CPU.Build.0 = Debug|Any CPU
		{81B6815C-845A-46AE-BE2B-8ED41B3E5633}.Release|Any CPU.ActiveCfg = Debug|Any CPU
		{81B6815C-845A-46AE-BE2B-8ED41B3E5633}.Release|Any CPU.Build.0 = Debug|Any CPU
	EndGlobalSection
	GlobalSection(SolutionProperties) = preSolution
		HideSolutionNode = FALSE
	EndGlobalSection
	GlobalSection(ExtensibilityGlobals) = postSolution
		SolutionGuid = {FE9BD011-20AC-46E3-8487-380DAC6D3F08}
	EndGlobalSection
EndGlobal
